
Microsoft Visual Studio Solution File, Format Version 12.00
# Visual Studio 14
VisualStudioVersion = 14.0.25420.1
MinimumVisualStudioVersion = 10.0.40219.1
Project("{FAE04EC0-301F-11D3-BF4B-00C04F79EFBC}") = "LEA by DELAN", "LEA by DELAN\LEA by DELAN.csproj", "{CA7D5E83-0C67-43A1-AA31-3C5F327FEC54}"
EndProject
Global
	GlobalSection(SolutionConfigurationPlatforms) = preSolution
		Debug|Any CPU = Debug|Any CPU
		Release|Any CPU = Release|Any CPU
	EndGlobalSection
	GlobalSection(ProjectConfigurationPlatforms) = postSolution
		{CA7D5E83-0C67-43A1-AA31-3C5F327FEC54}.Debug|Any CPU.ActiveCfg = Debug|Any CPU
		{CA7D5E83-0C67-43A1-AA31-3C5F327FEC54}.Debug|Any CPU.Build.0 = Debug|Any CPU
		{CA7D5E83-0C67-43A1-AA31-3C5F327FEC54}.Release|Any CPU.ActiveCfg = Release|Any CPU
		{CA7D5E83-0C67-43A1-AA31-3C5F327FEC54}.Release|Any CPU.Build.0 = Release|Any CPU
	EndGlobalSection
	GlobalSection(SolutionProperties) = preSolution
		HideSolutionNode = FALSE
	EndGlobalSection
EndGlobal
